
Microsoft Visual Studio Solution File, Format Version 12.00
# Visual Studio Version 17
VisualStudioVersion = 17.9.34622.214
MinimumVisualStudioVersion = 10.0.40219.1
Project("{FAE04EC0-301F-11D3-BF4B-00C04F79EFBC}") = "RiskOfRainTracker", "RiskOfRainTracker\RiskOfRainTracker.csproj", "{AFBC5F10-1F14-4834-8FE1-FCA5B82644D4}"
EndProject
Global
	GlobalSection(SolutionConfigurationPlatforms) = preSolution
		Debug|Any CPU = Debug|Any CPU
		Release|Any CPU = Release|Any CPU
	EndGlobalSection
	GlobalSection(ProjectConfigurationPlatforms) = postSolution
		{AFBC5F10-1F14-4834-8FE1-FCA5B82644D4}.Debug|Any CPU.ActiveCfg = Debug|Any CPU
		{AFBC5F10-1F14-4834-8FE1-FCA5B82644D4}.Debug|Any CPU.Build.0 = Debug|Any CPU
		{AFBC5F10-1F14-4834-8FE1-FCA5B82644D4}.Release|Any CPU.ActiveCfg = Release|Any CPU
		{AFBC5F10-1F14-4834-8FE1-FCA5B82644D4}.Release|Any CPU.Build.0 = Release|Any CPU
	EndGlobalSection
	GlobalSection(SolutionProperties) = preSolution
		HideSolutionNode = FALSE
	EndGlobalSection
	GlobalSection(ExtensibilityGlobals) = postSolution
		SolutionGuid = {92B4FBEE-3A4B-435C-948D-1AB48C0BCD63}
	EndGlobalSection
EndGlobal
